// !$*UTF8*$!
{
	archiveVersion = 1;
	classes = {
	};
	objectVersion = 50;
	objects = {

/* Begin PBXBuildFile section */
		040BB04A263BD221006E0FC1 /* main.cpp in Sources */ = {isa = PBXBuildFile; fileRef = 040BB049263BD221006E0FC1 /* main.cpp */; };
		040BB052263BD318006E0FC1 /* jsoncpp.cpp in Sources */ = {isa = PBXBuildFile; fileRef = 040BB051263BD318006E0FC1 /* jsoncpp.cpp */; };
		040BB055263BD3EC006E0FC1 /* MarketData.cpp in Sources */ = {isa = PBXBuildFile; fileRef = 040BB053263BD3EC006E0FC1 /* MarketData.cpp */; };
		040BB058263BD40F006E0FC1 /* Database.cpp in Sources */ = {isa = PBXBuildFile; fileRef = 040BB056263BD40F006E0FC1 /* Database.cpp */; };
		040BB05B263BD42E006E0FC1 /* PairTrading.cpp in Sources */ = {isa = PBXBuildFile; fileRef = 040BB059263BD42E006E0FC1 /* PairTrading.cpp */; };
/* End PBXBuildFile section */

/* Begin PBXCopyFilesBuildPhase section */
		040BB044263BD221006E0FC1 /* CopyFiles */ = {
			isa = PBXCopyFilesBuildPhase;
			buildActionMask = 2147483647;
			dstPath = /usr/share/man/man1/;
			dstSubfolderSpec = 0;
			files = (
			);
			runOnlyForDeploymentPostprocessing = 1;
		};
/* End PBXCopyFilesBuildPhase section */

/* Begin PBXFileReference section */
		040BB046263BD221006E0FC1 /* FRE 7831 Pair Trading */ = {isa = PBXFileReference; explicitFileType = "compiled.mach-o.executable"; includeInIndex = 0; path = "FRE 7831 Pair Trading"; sourceTree = BUILT_PRODUCTS_DIR; };
		040BB049263BD221006E0FC1 /* main.cpp */ = {isa = PBXFileReference; lastKnownFileType = sourcecode.cpp.cpp; path = main.cpp; sourceTree = "<group>"; };
		040BB050263BD311006E0FC1 /* json */ = {isa = PBXFileReference; lastKnownFileType = folder; path = json; sourceTree = "<group>"; };
		040BB051263BD318006E0FC1 /* jsoncpp.cpp */ = {isa = PBXFileReference; fileEncoding = 4; lastKnownFileType = sourcecode.cpp.cpp; path = jsoncpp.cpp; sourceTree = "<group>"; };
		040BB053263BD3EC006E0FC1 /* MarketData.cpp */ = {isa = PBXFileReference; lastKnownFileType = sourcecode.cpp.cpp; path = MarketData.cpp; sourceTree = "<group>"; };
		040BB054263BD3EC006E0FC1 /* MarketData.hpp */ = {isa = PBXFileReference; lastKnownFileType = sourcecode.cpp.h; path = MarketData.hpp; sourceTree = "<group>"; };
		040BB056263BD40F006E0FC1 /* Database.cpp */ = {isa = PBXFileReference; lastKnownFileType = sourcecode.cpp.cpp; path = Database.cpp; sourceTree = "<group>"; };
		040BB057263BD40F006E0FC1 /* Database.hpp */ = {isa = PBXFileReference; lastKnownFileType = sourcecode.cpp.h; path = Database.hpp; sourceTree = "<group>"; };
		040BB059263BD42E006E0FC1 /* PairTrading.cpp */ = {isa = PBXFileReference; lastKnownFileType = sourcecode.cpp.cpp; path = PairTrading.cpp; sourceTree = "<group>"; };
		040BB05A263BD42E006E0FC1 /* PairTrading.hpp */ = {isa = PBXFileReference; lastKnownFileType = sourcecode.cpp.h; path = PairTrading.hpp; sourceTree = "<group>"; };
/* End PBXFileReference section */

/* Begin PBXFrameworksBuildPhase section */
		040BB043263BD221006E0FC1 /* Frameworks */ = {
			isa = PBXFrameworksBuildPhase;
			buildActionMask = 2147483647;
			files = (
			);
			runOnlyForDeploymentPostprocessing = 0;
		};
/* End PBXFrameworksBuildPhase section */

/* Begin PBXGroup section */
		040BB03D263BD221006E0FC1 = {
			isa = PBXGroup;
			children = (
				040BB048263BD221006E0FC1 /* FRE 7831 Pair Trading */,
				040BB047263BD221006E0FC1 /* Products */,
			);
			sourceTree = "<group>";
		};
		040BB047263BD221006E0FC1 /* Products */ = {
			isa = PBXGroup;
			children = (
				040BB046263BD221006E0FC1 /* FRE 7831 Pair Trading */,
			);
			name = Products;
			sourceTree = "<group>";
		};
		040BB048263BD221006E0FC1 /* FRE 7831 Pair Trading */ = {
			isa = PBXGroup;
			children = (
				040BB051263BD318006E0FC1 /* jsoncpp.cpp */,
				040BB050263BD311006E0FC1 /* json */,
				040BB049263BD221006E0FC1 /* main.cpp */,
				040BB053263BD3EC006E0FC1 /* MarketData.cpp */,
				040BB054263BD3EC006E0FC1 /* MarketData.hpp */,
				040BB056263BD40F006E0FC1 /* Database.cpp */,
				040BB057263BD40F006E0FC1 /* Database.hpp */,
				040BB059263BD42E006E0FC1 /* PairTrading.cpp */,
				040BB05A263BD42E006E0FC1 /* PairTrading.hpp */,
			);
			path = "FRE 7831 Pair Trading";
			sourceTree = "<group>";
		};
/* End PBXGroup section */

/* Begin PBXNativeTarget section */
		040BB045263BD221006E0FC1 /* FRE 7831 Pair Trading */ = {
			isa = PBXNativeTarget;
			buildConfigurationList = 040BB04D263BD221006E0FC1 /* Build configuration list for PBXNativeTarget "FRE 7831 Pair Trading" */;
			buildPhases = (
				040BB042263BD221006E0FC1 /* Sources */,
				040BB043263BD221006E0FC1 /* Frameworks */,
				040BB044263BD221006E0FC1 /* CopyFiles */,
			);
			buildRules = (
			);
			dependencies = (
			);
			name = "FRE 7831 Pair Trading";
			productName = "FRE 7831 Pair Trading";
			productReference = 040BB046263BD221006E0FC1 /* FRE 7831 Pair Trading */;
			productType = "com.apple.product-type.tool";
		};
/* End PBXNativeTarget section */

/* Begin PBXProject section */
		040BB03E263BD221006E0FC1 /* Project object */ = {
			isa = PBXProject;
			attributes = {
				LastUpgradeCheck = 1250;
				TargetAttributes = {
					040BB045263BD221006E0FC1 = {
						CreatedOnToolsVersion = 12.5;
					};
				};
			};
			buildConfigurationList = 040BB041263BD221006E0FC1 /* Build configuration list for PBXProject "FRE 7831 Pair Trading" */;
			compatibilityVersion = "Xcode 9.3";
			developmentRegion = en;
			hasScannedForEncodings = 0;
			knownRegions = (
				en,
				Base,
			);
			mainGroup = 040BB03D263BD221006E0FC1;
			productRefGroup = 040BB047263BD221006E0FC1 /* Products */;
			projectDirPath = "";
			projectRoot = "";
			targets = (
				040BB045263BD221006E0FC1 /* FRE 7831 Pair Trading */,
			);
		};
/* End PBXProject section */

/* Begin PBXSourcesBuildPhase section */
		040BB042263BD221006E0FC1 /* Sources */ = {
			isa = PBXSourcesBuildPhase;
			buildActionMask = 2147483647;
			files = (
				040BB05B263BD42E006E0FC1 /* PairTrading.cpp in Sources */,
				040BB04A263BD221006E0FC1 /* main.cpp in Sources */,
				040BB052263BD318006E0FC1 /* jsoncpp.cpp in Sources */,
				040BB058263BD40F006E0FC1 /* Database.cpp in Sources */,
				040BB055263BD3EC006E0FC1 /* MarketData.cpp in Sources */,
			);
			runOnlyForDeploymentPostprocessing = 0;
		};
/* End PBXSourcesBuildPhase section */

/* Begin XCBuildConfiguration section */
		040BB04B263BD221006E0FC1 /* Debug */ = {
			isa = XCBuildConfiguration;
			buildSettings = {
				ALWAYS_SEARCH_USER_PATHS = NO;
				CLANG_ANALYZER_NONNULL = YES;
				CLANG_ANALYZER_NUMBER_OBJECT_CONVERSION = YES_AGGRESSIVE;
				CLANG_CXX_LANGUAGE_STANDARD = "gnu++14";
				CLANG_CXX_LIBRARY = "libc++";
				CLANG_ENABLE_MODULES = YES;
				CLANG_ENABLE_OBJC_ARC = YES;
				CLANG_ENABLE_OBJC_WEAK = YES;
				CLANG_WARN_BLOCK_CAPTURE_AUTORELEASING = YES;
				CLANG_WARN_BOOL_CONVERSION = YES;
				CLANG_WARN_COMMA = YES;
				CLANG_WARN_CONSTANT_CONVERSION = YES;
				CLANG_WARN_DEPRECATED_OBJC_IMPLEMENTATIONS = YES;
				CLANG_WARN_DIRECT_OBJC_ISA_USAGE = YES_ERROR;
				CLANG_WARN_DOCUMENTATION_COMMENTS = YES;
				CLANG_WARN_EMPTY_BODY = YES;
				CLANG_WARN_ENUM_CONVERSION = YES;
				CLANG_WARN_INFINITE_RECURSION = YES;
				CLANG_WARN_INT_CONVERSION = YES;
				CLANG_WARN_NON_LITERAL_NULL_CONVERSION = YES;
				CLANG_WARN_OBJC_IMPLICIT_RETAIN_SELF = YES;
				CLANG_WARN_OBJC_LITERAL_CONVERSION = YES;
				CLANG_WARN_OBJC_ROOT_CLASS = YES_ERROR;
				CLANG_WARN_QUOTED_INCLUDE_IN_FRAMEWORK_HEADER = YES;
				CLANG_WARN_RANGE_LOOP_ANALYSIS = YES;
				CLANG_WARN_STRICT_PROTOTYPES = YES;
				CLANG_WARN_SUSPICIOUS_MOVE = YES;
				CLANG_WARN_UNGUARDED_AVAILABILITY = YES_AGGRESSIVE;
				CLANG_WARN_UNREACHABLE_CODE = YES;
				CLANG_WARN__DUPLICATE_METHOD_MATCH = YES;
				COPY_PHASE_STRIP = NO;
				DEBUG_INFORMATION_FORMAT = dwarf;
				ENABLE_STRICT_OBJC_MSGSEND = YES;
				ENABLE_TESTABILITY = YES;
				GCC_C_LANGUAGE_STANDARD = gnu11;
				GCC_DYNAMIC_NO_PIC = NO;
				GCC_NO_COMMON_BLOCKS = YES;
				GCC_OPTIMIZATION_LEVEL = 0;
				GCC_PREPROCESSOR_DEFINITIONS = (
					"DEBUG=1",
					"$(inherited)",
				);
				GCC_WARN_64_TO_32_BIT_CONVERSION = YES;
				GCC_WARN_ABOUT_RETURN_TYPE = YES_ERROR;
				GCC_WARN_UNDECLARED_SELECTOR = YES;
				GCC_WARN_UNINITIALIZED_AUTOS = YES_AGGRESSIVE;
				GCC_WARN_UNUSED_FUNCTION = YES;
				GCC_WARN_UNUSED_VARIABLE = YES;
				MACOSX_DEPLOYMENT_TARGET = 11.2;
				MTL_ENABLE_DEBUG_INFO = INCLUDE_SOURCE;
				MTL_FAST_MATH = YES;
				ONLY_ACTIVE_ARCH = YES;
				SDKROOT = macosx;
			};
			name = Debug;
		};
		040BB04C263BD221006E0FC1 /* Release */ = {
			isa = XCBuildConfiguration;
			buildSettings = {
				ALWAYS_SEARCH_USER_PATHS = NO;
				CLANG_ANALYZER_NONNULL = YES;
				CLANG_ANALYZER_NUMBER_OBJECT_CONVERSION = YES_AGGRESSIVE;
				CLANG_CXX_LANGUAGE_STANDARD = "gnu++14";
				CLANG_CXX_LIBRARY = "libc++";
				CLANG_ENABLE_MODULES = YES;
				CLANG_ENABLE_OBJC_ARC = YES;
				CLANG_ENABLE_OBJC_WEAK = YES;
				CLANG_WARN_BLOCK_CAPTURE_AUTORELEASING = YES;
				CLANG_WARN_BOOL_CONVERSION = YES;
				CLANG_WARN_COMMA = YES;
				CLANG_WARN_CONSTANT_CONVERSION = YES;
				CLANG_WARN_DEPRECATED_OBJC_IMPLEMENTATIONS = YES;
				CLANG_WARN_DIRECT_OBJC_ISA_USAGE = YES_ERROR;
				CLANG_WARN_DOCUMENTATION_COMMENTS = YES;
				CLANG_WARN_EMPTY_BODY = YES;
				CLANG_WARN_ENUM_CONVERSION = YES;
				CLANG_WARN_INFINITE_RECURSION = YES;
				CLANG_WARN_INT_CONVERSION = YES;
				CLANG_WARN_NON_LITERAL_NULL_CONVERSION = YES;
				CLANG_WARN_OBJC_IMPLICIT_RETAIN_SELF = YES;
				CLANG_WARN_OBJC_LITERAL_CONVERSION = YES;
				CLANG_WARN_OBJC_ROOT_CLASS = YES_ERROR;
				CLANG_WARN_QUOTED_INCLUDE_IN_FRAMEWORK_HEADER = YES;
				CLANG_WARN_RANGE_LOOP_ANALYSIS = YES;
				CLANG_WARN_STRICT_PROTOTYPES = YES;
				CLANG_WARN_SUSPICIOUS_MOVE = YES;
				CLANG_WARN_UNGUARDED_AVAILABILITY = YES_AGGRESSIVE;
				CLANG_WARN_UNREACHABLE_CODE = YES;
				CLANG_WARN__DUPLICATE_METHOD_MATCH = YES;
				COPY_PHASE_STRIP = NO;
				DEBUG_INFORMATION_FORMAT = "dwarf-with-dsym";
				ENABLE_NS_ASSERTIONS = NO;
				ENABLE_STRICT_OBJC_MSGSEND = YES;
				GCC_C_LANGUAGE_STANDARD = gnu11;
				GCC_NO_COMMON_BLOCKS = YES;
				GCC_WARN_64_TO_32_BIT_CONVERSION = YES;
				GCC_WARN_ABOUT_RETURN_TYPE = YES_ERROR;
				GCC_WARN_UNDECLARED_SELECTOR = YES;
				GCC_WARN_UNINITIALIZED_AUTOS = YES_AGGRESSIVE;
				GCC_WARN_UNUSED_FUNCTION = YES;
				GCC_WARN_UNUSED_VARIABLE = YES;
				MACOSX_DEPLOYMENT_TARGET = 11.2;
				MTL_ENABLE_DEBUG_INFO = NO;
				MTL_FAST_MATH = YES;
				SDKROOT = macosx;
			};
			name = Release;
		};
		040BB04E263BD221006E0FC1 /* Debug */ = {
			isa = XCBuildConfiguration;
			buildSettings = {
				CODE_SIGN_STYLE = Automatic;
				"OTHER_LDFLAGS[arch=*]" = (
					"-lcurl",
					"-lsqlite3",
				);
				PRODUCT_NAME = "$(TARGET_NAME)";
			};
			name = Debug;
		};
		040BB04F263BD221006E0FC1 /* Release */ = {
			isa = XCBuildConfiguration;
			buildSettings = {
				CODE_SIGN_STYLE = Automatic;
				"OTHER_LDFLAGS[arch=*]" = (
					"-lcurl",
					"-lsqlite3",
				);
				PRODUCT_NAME = "$(TARGET_NAME)";
			};
			name = Release;
		};
/* End XCBuildConfiguration section */

/* Begin XCConfigurationList section */
		040BB041263BD221006E0FC1 /* Build configuration list for PBXProject "FRE 7831 Pair Trading" */ = {
			isa = XCConfigurationList;
			buildConfigurations = (
				040BB04B263BD221006E0FC1 /* Debug */,
				040BB04C263BD221006E0FC1 /* Release */,
			);
			defaultConfigurationIsVisible = 0;
			defaultConfigurationName = Release;
		};
		040BB04D263BD221006E0FC1 /* Build configuration list for PBXNativeTarget "FRE 7831 Pair Trading" */ = {
			isa = XCConfigurationList;
			buildConfigurations = (
				040BB04E263BD221006E0FC1 /* Debug */,
				040BB04F263BD221006E0FC1 /* Release */,
			);
			defaultConfigurationIsVisible = 0;
			defaultConfigurationName = Release;
		};
/* End XCConfigurationList section */
	};
	rootObject = 040BB03E263BD221006E0FC1 /* Project object */;
}
